
Microsoft Visual Studio Solution File, Format Version 12.00
# Visual Studio Version 17
VisualStudioVersion = 17.8.34408.163
MinimumVisualStudioVersion = 10.0.40219.1
Project("{FAE04EC0-301F-11D3-BF4B-00C04F79EFBC}") = "Tamagotchi", "Tamagotchi\Tamagotchi.csproj", "{D6E3A501-18FD-44C4-93F6-12AF0DA3F05D}"
EndProject
Global
	GlobalSection(SolutionConfigurationPlatforms) = preSolution
		Debug|Any CPU = Debug|Any CPU
		Release|Any CPU = Release|Any CPU
	EndGlobalSection
	GlobalSection(ProjectConfigurationPlatforms) = postSolution
		{D6E3A501-18FD-44C4-93F6-12AF0DA3F05D}.Debug|Any CPU.ActiveCfg = Debug|Any CPU
		{D6E3A501-18FD-44C4-93F6-12AF0DA3F05D}.Debug|Any CPU.Build.0 = Debug|Any CPU
		{D6E3A501-18FD-44C4-93F6-12AF0DA3F05D}.Release|Any CPU.ActiveCfg = Release|Any CPU
		{D6E3A501-18FD-44C4-93F6-12AF0DA3F05D}.Release|Any CPU.Build.0 = Release|Any CPU
	EndGlobalSection
	GlobalSection(SolutionProperties) = preSolution
		HideSolutionNode = FALSE
	EndGlobalSection
	GlobalSection(ExtensibilityGlobals) = postSolution
		SolutionGuid = {92AF8426-2B31-40BD-8CF3-E95B7FE1E1B9}
	EndGlobalSection
EndGlobal
